
Microsoft Visual Studio Solution File, Format Version 12.00
# Visual Studio Version 16
VisualStudioVersion = 16.0.30523.141
MinimumVisualStudioVersion = 10.0.40219.1
Project("{FAE04EC0-301F-11D3-BF4B-00C04F79EFBC}") = "XTECVegetalAPI", "XTECVegetalAPI\XTECVegetalAPI.csproj", "{9F546219-3992-4192-9049-7D36088989C0}"
EndProject
Global
	GlobalSection(SolutionConfigurationPlatforms) = preSolution
		Debug|Any CPU = Debug|Any CPU
		Release|Any CPU = Release|Any CPU
	EndGlobalSection
	GlobalSection(ProjectConfigurationPlatforms) = postSolution
		{9F546219-3992-4192-9049-7D36088989C0}.Debug|Any CPU.ActiveCfg = Debug|Any CPU
		{9F546219-3992-4192-9049-7D36088989C0}.Debug|Any CPU.Build.0 = Debug|Any CPU
		{9F546219-3992-4192-9049-7D36088989C0}.Release|Any CPU.ActiveCfg = Release|Any CPU
		{9F546219-3992-4192-9049-7D36088989C0}.Release|Any CPU.Build.0 = Release|Any CPU
	EndGlobalSection
	GlobalSection(SolutionProperties) = preSolution
		HideSolutionNode = FALSE
	EndGlobalSection
	GlobalSection(ExtensibilityGlobals) = postSolution
		SolutionGuid = {E242CE0B-7CF4-4056-982E-D5C3A5ECD348}
	EndGlobalSection
EndGlobal
